
Microsoft Visual Studio Solution File, Format Version 12.00
# Visual Studio Version 17
VisualStudioVersion = 17.0.32126.317
MinimumVisualStudioVersion = 10.0.40219.1
Project("{FAE04EC0-301F-11D3-BF4B-00C04F79EFBC}") = "MetaP.DataModel", "MetaP.DataModel\MetaP.DataModel.csproj", "{C974BE7A-49E6-4897-AB9D-C1DC9F7E7414}"
EndProject
Project("{2150E333-8FDC-42A3-9474-1A3956D46DE8}") = "Tests", "Tests", "{A070E820-57A8-4F09-A2BB-ECC12D624C70}"
EndProject
Project("{FAE04EC0-301F-11D3-BF4B-00C04F79EFBC}") = "MetaP.DataModel.Tests", "Tests\MetaP.DataModel.Tests\MetaP.DataModel.Tests.csproj", "{27D8A253-3E47-4E7F-B789-579F9EDE7BB1}"
EndProject
Global
	GlobalSection(SolutionConfigurationPlatforms) = preSolution
		Debug|Any CPU = Debug|Any CPU
		Release|Any CPU = Release|Any CPU
	EndGlobalSection
	GlobalSection(ProjectConfigurationPlatforms) = postSolution
		{C974BE7A-49E6-4897-AB9D-C1DC9F7E7414}.Debug|Any CPU.ActiveCfg = Debug|Any CPU
		{C974BE7A-49E6-4897-AB9D-C1DC9F7E7414}.Debug|Any CPU.Build.0 = Debug|Any CPU
		{C974BE7A-49E6-4897-AB9D-C1DC9F7E7414}.Release|Any CPU.ActiveCfg = Release|Any CPU
		{C974BE7A-49E6-4897-AB9D-C1DC9F7E7414}.Release|Any CPU.Build.0 = Release|Any CPU
		{27D8A253-3E47-4E7F-B789-579F9EDE7BB1}.Debug|Any CPU.ActiveCfg = Debug|Any CPU
		{27D8A253-3E47-4E7F-B789-579F9EDE7BB1}.Debug|Any CPU.Build.0 = Debug|Any CPU
		{27D8A253-3E47-4E7F-B789-579F9EDE7BB1}.Release|Any CPU.ActiveCfg = Release|Any CPU
		{27D8A253-3E47-4E7F-B789-579F9EDE7BB1}.Release|Any CPU.Build.0 = Release|Any CPU
	EndGlobalSection
	GlobalSection(SolutionProperties) = preSolution
		HideSolutionNode = FALSE
	EndGlobalSection
	GlobalSection(NestedProjects) = preSolution
		{27D8A253-3E47-4E7F-B789-579F9EDE7BB1} = {A070E820-57A8-4F09-A2BB-ECC12D624C70}
	EndGlobalSection
	GlobalSection(ExtensibilityGlobals) = postSolution
		SolutionGuid = {A109A6EC-6548-4D36-8224-0CC5CB1CAB54}
	EndGlobalSection
EndGlobal
